
Microsoft Visual Studio Solution File, Format Version 10.00
# Visual Studio 2008
Project("{F184B08F-C81C-45F6-A57F-5ABD9991F28F}") = "rptBcdtk", "rptBcdtk.vbproj", "{E7AD486F-3FF5-47C4-A299-5D47B2C52857}"
EndProject
Global
	GlobalSection(SolutionConfigurationPlatforms) = preSolution
		Debug|Any CPU = Debug|Any CPU
		Release|Any CPU = Release|Any CPU
	EndGlobalSection
	GlobalSection(ProjectConfigurationPlatforms) = postSolution
		{E7AD486F-3FF5-47C4-A299-5D47B2C52857}.Debug|Any CPU.ActiveCfg = Debug|Any CPU
		{E7AD486F-3FF5-47C4-A299-5D47B2C52857}.Debug|Any CPU.Build.0 = Debug|Any CPU
		{E7AD486F-3FF5-47C4-A299-5D47B2C52857}.Release|Any CPU.ActiveCfg = Release|Any CPU
		{E7AD486F-3FF5-47C4-A299-5D47B2C52857}.Release|Any CPU.Build.0 = Release|Any CPU
	EndGlobalSection
	GlobalSection(SolutionProperties) = preSolution
		HideSolutionNode = FALSE
	EndGlobalSection
EndGlobal
