
Microsoft Visual Studio Solution File, Format Version 10.00
# Visual Studio 2008
Project("{F184B08F-C81C-45F6-A57F-5ABD9991F28F}") = "CCBFutronic", "CCBFutronic\CCBFutronic.vbproj", "{0A659CED-5F51-4C06-B479-3D8ACD46B5FE}"
EndProject
Global
	GlobalSection(SolutionConfigurationPlatforms) = preSolution
		Debug|Any CPU = Debug|Any CPU
		Release|Any CPU = Release|Any CPU
	EndGlobalSection
	GlobalSection(ProjectConfigurationPlatforms) = postSolution
		{0A659CED-5F51-4C06-B479-3D8ACD46B5FE}.Debug|Any CPU.ActiveCfg = Debug|Any CPU
		{0A659CED-5F51-4C06-B479-3D8ACD46B5FE}.Debug|Any CPU.Build.0 = Debug|Any CPU
		{0A659CED-5F51-4C06-B479-3D8ACD46B5FE}.Release|Any CPU.ActiveCfg = Release|Any CPU
		{0A659CED-5F51-4C06-B479-3D8ACD46B5FE}.Release|Any CPU.Build.0 = Release|Any CPU
	EndGlobalSection
	GlobalSection(SolutionProperties) = preSolution
		HideSolutionNode = FALSE
	EndGlobalSection
EndGlobal
